
Microsoft Visual Studio Solution File, Format Version 12.00
# Visual Studio Version 16
VisualStudioVersion = 16.0.30717.126
MinimumVisualStudioVersion = 10.0.40219.1
Project("{9A19103F-16F7-4668-BE54-9A1E7A4F7556}") = "Geometric.Shapes", "Geometric.Shapes\Geometric.Shapes.csproj", "{807C3276-1CE2-4928-9E32-987744A9FB13}"
EndProject
Project("{9A19103F-16F7-4668-BE54-9A1E7A4F7556}") = "Web", "Web\Web.csproj", "{A6001EFA-46B3-45E4-B2E3-13D6C09D01B5}"
EndProject
Project("{2150E333-8FDC-42A3-9474-1A3956D46DE8}") = "Infrastructure", "Infrastructure", "{30E54075-1117-4212-9823-A5E874714770}"
EndProject
Project("{2150E333-8FDC-42A3-9474-1A3956D46DE8}") = "Domain", "Domain", "{9D7E853E-8C51-4C94-A854-C2FECA4FC9EA}"
EndProject
Project("{9A19103F-16F7-4668-BE54-9A1E7A4F7556}") = "Models", "Models\Models.csproj", "{BD8071C3-AC13-42AE-B71D-35BF52D64D6E}"
EndProject
Project("{9A19103F-16F7-4668-BE54-9A1E7A4F7556}") = "Services", "Services\Services.csproj", "{CABFD495-63F5-458C-BCCD-4BEC05DE80A2}"
EndProject
Project("{9A19103F-16F7-4668-BE54-9A1E7A4F7556}") = "Database", "Database\Database.csproj", "{10A9377B-9F63-48E5-B1E9-8842B4874131}"
EndProject
Project("{9A19103F-16F7-4668-BE54-9A1E7A4F7556}") = "Services.Test", "Services.Test\Services.Test.csproj", "{E4FDA9A9-B9AB-4664-82CD-FF0136505CE6}"
EndProject
Project("{2150E333-8FDC-42A3-9474-1A3956D46DE8}") = "Libs", "Libs", "{3039FDF0-0FD5-4679-9306-69197E6645BD}"
EndProject
Project("{9A19103F-16F7-4668-BE54-9A1E7A4F7556}") = "TestUtils", "TestUtils\TestUtils.csproj", "{EE30158E-A09F-4B96-AFA0-222740FFEEF8}"
EndProject
Project("{9A19103F-16F7-4668-BE54-9A1E7A4F7556}") = "Utils", "Utils\Utils.csproj", "{341CFC75-55E7-41FB-8E8F-002EF8952CEB}"
EndProject
Project("{2150E333-8FDC-42A3-9474-1A3956D46DE8}") = "Solution Items", "Solution Items", "{CEA84E0F-9CF7-457C-AB63-7CABC79DBF01}"
	ProjectSection(SolutionItems) = preProject
		README.md = README.md
	EndProjectSection
EndProject
Project("{2150E333-8FDC-42A3-9474-1A3956D46DE8}") = "App", "App", "{78DAD5E6-440D-4C00-9933-47D951965ED7}"
EndProject
Global
	GlobalSection(SolutionConfigurationPlatforms) = preSolution
		Debug|Any CPU = Debug|Any CPU
		Release|Any CPU = Release|Any CPU
	EndGlobalSection
	GlobalSection(ProjectConfigurationPlatforms) = postSolution
		{807C3276-1CE2-4928-9E32-987744A9FB13}.Debug|Any CPU.ActiveCfg = Debug|Any CPU
		{807C3276-1CE2-4928-9E32-987744A9FB13}.Debug|Any CPU.Build.0 = Debug|Any CPU
		{807C3276-1CE2-4928-9E32-987744A9FB13}.Release|Any CPU.ActiveCfg = Release|Any CPU
		{807C3276-1CE2-4928-9E32-987744A9FB13}.Release|Any CPU.Build.0 = Release|Any CPU
		{A6001EFA-46B3-45E4-B2E3-13D6C09D01B5}.Debug|Any CPU.ActiveCfg = Debug|Any CPU
		{A6001EFA-46B3-45E4-B2E3-13D6C09D01B5}.Debug|Any CPU.Build.0 = Debug|Any CPU
		{A6001EFA-46B3-45E4-B2E3-13D6C09D01B5}.Release|Any CPU.ActiveCfg = Release|Any CPU
		{A6001EFA-46B3-45E4-B2E3-13D6C09D01B5}.Release|Any CPU.Build.0 = Release|Any CPU
		{BD8071C3-AC13-42AE-B71D-35BF52D64D6E}.Debug|Any CPU.ActiveCfg = Debug|Any CPU
		{BD8071C3-AC13-42AE-B71D-35BF52D64D6E}.Debug|Any CPU.Build.0 = Debug|Any CPU
		{BD8071C3-AC13-42AE-B71D-35BF52D64D6E}.Release|Any CPU.ActiveCfg = Release|Any CPU
		{BD8071C3-AC13-42AE-B71D-35BF52D64D6E}.Release|Any CPU.Build.0 = Release|Any CPU
		{CABFD495-63F5-458C-BCCD-4BEC05DE80A2}.Debug|Any CPU.ActiveCfg = Debug|Any CPU
		{CABFD495-63F5-458C-BCCD-4BEC05DE80A2}.Debug|Any CPU.Build.0 = Debug|Any CPU
		{CABFD495-63F5-458C-BCCD-4BEC05DE80A2}.Release|Any CPU.ActiveCfg = Release|Any CPU
		{CABFD495-63F5-458C-BCCD-4BEC05DE80A2}.Release|Any CPU.Build.0 = Release|Any CPU
		{10A9377B-9F63-48E5-B1E9-8842B4874131}.Debug|Any CPU.ActiveCfg = Debug|Any CPU
		{10A9377B-9F63-48E5-B1E9-8842B4874131}.Debug|Any CPU.Build.0 = Debug|Any CPU
		{10A9377B-9F63-48E5-B1E9-8842B4874131}.Release|Any CPU.ActiveCfg = Release|Any CPU
		{10A9377B-9F63-48E5-B1E9-8842B4874131}.Release|Any CPU.Build.0 = Release|Any CPU
		{E4FDA9A9-B9AB-4664-82CD-FF0136505CE6}.Debug|Any CPU.ActiveCfg = Debug|Any CPU
		{E4FDA9A9-B9AB-4664-82CD-FF0136505CE6}.Debug|Any CPU.Build.0 = Debug|Any CPU
		{E4FDA9A9-B9AB-4664-82CD-FF0136505CE6}.Release|Any CPU.ActiveCfg = Release|Any CPU
		{E4FDA9A9-B9AB-4664-82CD-FF0136505CE6}.Release|Any CPU.Build.0 = Release|Any CPU
		{EE30158E-A09F-4B96-AFA0-222740FFEEF8}.Debug|Any CPU.ActiveCfg = Debug|Any CPU
		{EE30158E-A09F-4B96-AFA0-222740FFEEF8}.Debug|Any CPU.Build.0 = Debug|Any CPU
		{EE30158E-A09F-4B96-AFA0-222740FFEEF8}.Release|Any CPU.ActiveCfg = Release|Any CPU
		{EE30158E-A09F-4B96-AFA0-222740FFEEF8}.Release|Any CPU.Build.0 = Release|Any CPU
		{341CFC75-55E7-41FB-8E8F-002EF8952CEB}.Debug|Any CPU.ActiveCfg = Debug|Any CPU
		{341CFC75-55E7-41FB-8E8F-002EF8952CEB}.Debug|Any CPU.Build.0 = Debug|Any CPU
		{341CFC75-55E7-41FB-8E8F-002EF8952CEB}.Release|Any CPU.ActiveCfg = Release|Any CPU
		{341CFC75-55E7-41FB-8E8F-002EF8952CEB}.Release|Any CPU.Build.0 = Release|Any CPU
	EndGlobalSection
	GlobalSection(SolutionProperties) = preSolution
		HideSolutionNode = FALSE
	EndGlobalSection
	GlobalSection(NestedProjects) = preSolution
		{807C3276-1CE2-4928-9E32-987744A9FB13} = {78DAD5E6-440D-4C00-9933-47D951965ED7}
		{A6001EFA-46B3-45E4-B2E3-13D6C09D01B5} = {30E54075-1117-4212-9823-A5E874714770}
		{BD8071C3-AC13-42AE-B71D-35BF52D64D6E} = {9D7E853E-8C51-4C94-A854-C2FECA4FC9EA}
		{CABFD495-63F5-458C-BCCD-4BEC05DE80A2} = {9D7E853E-8C51-4C94-A854-C2FECA4FC9EA}
		{10A9377B-9F63-48E5-B1E9-8842B4874131} = {30E54075-1117-4212-9823-A5E874714770}
		{E4FDA9A9-B9AB-4664-82CD-FF0136505CE6} = {9D7E853E-8C51-4C94-A854-C2FECA4FC9EA}
		{EE30158E-A09F-4B96-AFA0-222740FFEEF8} = {3039FDF0-0FD5-4679-9306-69197E6645BD}
		{341CFC75-55E7-41FB-8E8F-002EF8952CEB} = {3039FDF0-0FD5-4679-9306-69197E6645BD}
	EndGlobalSection
	GlobalSection(ExtensibilityGlobals) = postSolution
		SolutionGuid = {5A8465E6-F7E7-4071-92D6-FC6EF8502714}
	EndGlobalSection
EndGlobal
